<Solution>
  <Folder Name="/Lab3/">
    <Project Path="Lab3/Lab61/Lab61.csproj" Id="910df519-f600-44e1-9434-e0584e9f7f80" />
    <Project Path="Lab3/Lab62/Lab62.csproj" Id="aef62869-1edb-4556-b186-c0d9b44acc99" />
    <Project Path="Lab3/Lab63/Lab63.csproj" Id="0f5814fb-ce9c-41b8-af2e-dd91d11ab993" />
  </Folder>
</Solution>
